
Microsoft Visual Studio Solution File, Format Version 12.00
# Visual Studio Version 16
VisualStudioVersion = 16.0.810.17
MinimumVisualStudioVersion = 10.0.40219.1
Project("{FAE04EC0-301F-11D3-BF4B-00C04F79EFBC}") = "DiabetesContolApp.iOS", "DiabetesContolApp.iOS\DiabetesContolApp.iOS.csproj", "{B70FB43E-0DAF-40A5-A777-DD9DF93BA08D}"
EndProject
Project("{FAE04EC0-301F-11D3-BF4B-00C04F79EFBC}") = "DiabetesContolApp", "DiabetesContolApp\DiabetesContolApp.csproj", "{2FFB9483-1B54-40AF-988C-241790B43736}"
EndProject
Project("{FAE04EC0-301F-11D3-BF4B-00C04F79EFBC}") = "Tests", "Tests\Tests.csproj", "{175BFE66-59E8-4A02-8E65-4BB8224E1077}"
EndProject
Project("{FAE04EC0-301F-11D3-BF4B-00C04F79EFBC}") = "Test", "Test\Test.csproj", "{D7237D20-8578-48D9-96A3-1D3ED1B119E1}"
EndProject
Global
	GlobalSection(SolutionConfigurationPlatforms) = preSolution
		Debug|iPhoneSimulator = Debug|iPhoneSimulator
		Release|iPhoneSimulator = Release|iPhoneSimulator
		Debug|iPhone = Debug|iPhone
		Release|iPhone = Release|iPhone
		Debug|Any CPU = Debug|Any CPU
		Release|Any CPU = Release|Any CPU
	EndGlobalSection
	GlobalSection(ProjectConfigurationPlatforms) = postSolution
		{B70FB43E-0DAF-40A5-A777-DD9DF93BA08D}.Debug|iPhoneSimulator.ActiveCfg = Debug|iPhoneSimulator
		{B70FB43E-0DAF-40A5-A777-DD9DF93BA08D}.Debug|iPhoneSimulator.Build.0 = Debug|iPhoneSimulator
		{B70FB43E-0DAF-40A5-A777-DD9DF93BA08D}.Release|iPhoneSimulator.ActiveCfg = Release|iPhoneSimulator
		{B70FB43E-0DAF-40A5-A777-DD9DF93BA08D}.Release|iPhoneSimulator.Build.0 = Release|iPhoneSimulator
		{B70FB43E-0DAF-40A5-A777-DD9DF93BA08D}.Debug|iPhone.ActiveCfg = Debug|iPhone
		{B70FB43E-0DAF-40A5-A777-DD9DF93BA08D}.Debug|iPhone.Build.0 = Debug|iPhone
		{B70FB43E-0DAF-40A5-A777-DD9DF93BA08D}.Release|iPhone.ActiveCfg = Release|iPhone
		{B70FB43E-0DAF-40A5-A777-DD9DF93BA08D}.Release|iPhone.Build.0 = Release|iPhone
		{B70FB43E-0DAF-40A5-A777-DD9DF93BA08D}.Debug|Any CPU.ActiveCfg = Debug|iPhoneSimulator
		{B70FB43E-0DAF-40A5-A777-DD9DF93BA08D}.Debug|Any CPU.Build.0 = Debug|iPhoneSimulator
		{B70FB43E-0DAF-40A5-A777-DD9DF93BA08D}.Release|Any CPU.ActiveCfg = Release|iPhoneSimulator
		{B70FB43E-0DAF-40A5-A777-DD9DF93BA08D}.Release|Any CPU.Build.0 = Release|iPhoneSimulator
		{2FFB9483-1B54-40AF-988C-241790B43736}.Debug|iPhoneSimulator.ActiveCfg = Debug|Any CPU
		{2FFB9483-1B54-40AF-988C-241790B43736}.Debug|iPhoneSimulator.Build.0 = Debug|Any CPU
		{2FFB9483-1B54-40AF-988C-241790B43736}.Release|iPhoneSimulator.ActiveCfg = Release|Any CPU
		{2FFB9483-1B54-40AF-988C-241790B43736}.Release|iPhoneSimulator.Build.0 = Release|Any CPU
		{2FFB9483-1B54-40AF-988C-241790B43736}.Debug|iPhone.ActiveCfg = Debug|Any CPU
		{2FFB9483-1B54-40AF-988C-241790B43736}.Debug|iPhone.Build.0 = Debug|Any CPU
		{2FFB9483-1B54-40AF-988C-241790B43736}.Release|iPhone.ActiveCfg = Release|Any CPU
		{2FFB9483-1B54-40AF-988C-241790B43736}.Release|iPhone.Build.0 = Release|Any CPU
		{2FFB9483-1B54-40AF-988C-241790B43736}.Debug|Any CPU.ActiveCfg = Debug|Any CPU
		{2FFB9483-1B54-40AF-988C-241790B43736}.Debug|Any CPU.Build.0 = Debug|Any CPU
		{2FFB9483-1B54-40AF-988C-241790B43736}.Release|Any CPU.ActiveCfg = Release|Any CPU
		{2FFB9483-1B54-40AF-988C-241790B43736}.Release|Any CPU.Build.0 = Release|Any CPU
		{175BFE66-59E8-4A02-8E65-4BB8224E1077}.Debug|iPhoneSimulator.ActiveCfg = Debug|Any CPU
		{175BFE66-59E8-4A02-8E65-4BB8224E1077}.Debug|iPhoneSimulator.Build.0 = Debug|Any CPU
		{175BFE66-59E8-4A02-8E65-4BB8224E1077}.Release|iPhoneSimulator.ActiveCfg = Release|Any CPU
		{175BFE66-59E8-4A02-8E65-4BB8224E1077}.Release|iPhoneSimulator.Build.0 = Release|Any CPU
		{175BFE66-59E8-4A02-8E65-4BB8224E1077}.Debug|iPhone.ActiveCfg = Debug|Any CPU
		{175BFE66-59E8-4A02-8E65-4BB8224E1077}.Debug|iPhone.Build.0 = Debug|Any CPU
		{175BFE66-59E8-4A02-8E65-4BB8224E1077}.Release|iPhone.ActiveCfg = Release|Any CPU
		{175BFE66-59E8-4A02-8E65-4BB8224E1077}.Release|iPhone.Build.0 = Release|Any CPU
		{175BFE66-59E8-4A02-8E65-4BB8224E1077}.Debug|Any CPU.ActiveCfg = Debug|Any CPU
		{175BFE66-59E8-4A02-8E65-4BB8224E1077}.Debug|Any CPU.Build.0 = Debug|Any CPU
		{175BFE66-59E8-4A02-8E65-4BB8224E1077}.Release|Any CPU.ActiveCfg = Release|Any CPU
		{175BFE66-59E8-4A02-8E65-4BB8224E1077}.Release|Any CPU.Build.0 = Release|Any CPU
		{D7237D20-8578-48D9-96A3-1D3ED1B119E1}.Debug|iPhoneSimulator.ActiveCfg = Debug|iPhoneSimulator
		{D7237D20-8578-48D9-96A3-1D3ED1B119E1}.Debug|iPhoneSimulator.Build.0 = Debug|iPhoneSimulator
		{D7237D20-8578-48D9-96A3-1D3ED1B119E1}.Release|iPhoneSimulator.ActiveCfg = Release|iPhoneSimulator
		{D7237D20-8578-48D9-96A3-1D3ED1B119E1}.Release|iPhoneSimulator.Build.0 = Release|iPhoneSimulator
		{D7237D20-8578-48D9-96A3-1D3ED1B119E1}.Debug|iPhone.ActiveCfg = Debug|iPhone
		{D7237D20-8578-48D9-96A3-1D3ED1B119E1}.Debug|iPhone.Build.0 = Debug|iPhone
		{D7237D20-8578-48D9-96A3-1D3ED1B119E1}.Release|iPhone.ActiveCfg = Release|iPhone
		{D7237D20-8578-48D9-96A3-1D3ED1B119E1}.Release|iPhone.Build.0 = Release|iPhone
		{D7237D20-8578-48D9-96A3-1D3ED1B119E1}.Debug|Any CPU.ActiveCfg = Debug|iPhoneSimulator
		{D7237D20-8578-48D9-96A3-1D3ED1B119E1}.Debug|Any CPU.Build.0 = Debug|iPhoneSimulator
		{D7237D20-8578-48D9-96A3-1D3ED1B119E1}.Release|Any CPU.ActiveCfg = Release|iPhone
		{D7237D20-8578-48D9-96A3-1D3ED1B119E1}.Release|Any CPU.Build.0 = Release|iPhone
	EndGlobalSection
	GlobalSection(SolutionProperties) = preSolution
		HideSolutionNode = FALSE
	EndGlobalSection
	GlobalSection(ExtensibilityGlobals) = postSolution
		SolutionGuid = {20E0A7CF-DC5F-4449-861A-30F7FCA4DE6E}
	EndGlobalSection
EndGlobal
